<Solution>
  <Folder Name="/src/">
    <Project Path="src/GlobalRealEstate.Analyzers/GlobalRealEstate.Analyzers.csproj" />
    <Project Path="src/GlobalRealEstate.Api/GlobalRealEstate.Api.csproj" />
    <Project Path="src/GlobalRealEstate.Core/GlobalRealEstate.Core.csproj" />
    <Project Path="src/GlobalRealEstate.Etl/GlobalRealEstate.Etl.csproj" />
  </Folder>
  <Folder Name="/tests/">
    <Project Path="tests/GlobalRealEstate.Tests.Analyzers/GlobalRealEstate.Tests.Analyzers.csproj" />
    <Project Path="tests/GlobalRealEstate.Tests.Architecture/GlobalRealEstate.Tests.Architecture.csproj" />
    <Project Path="tests/GlobalRealEstate.Tests.Integration/GlobalRealEstate.Tests.Integration.csproj" />
    <Project Path="tests/GlobalRealEstate.Tests.Unit/GlobalRealEstate.Tests.Unit.csproj" />
  </Folder>
</Solution>
