<Solution>
  <Folder Name="/src/">
    <Project Path="src/McpServer.Analyzers/McpServer.Analyzers.csproj" />
    <Project Path="src/McpServer.Server/McpServer.Server.csproj" />
    <Project Path="src/McpServer.Core/McpServer.Core.csproj" />
  </Folder>
  <Folder Name="/tests/">
    <Project Path="tests/McpServer.Tests.Analyzers/McpServer.Tests.Analyzers.csproj" />
    <Project Path="tests/McpServer.Tests.Architecture/McpServer.Tests.Architecture.csproj" />
    <Project Path="tests/McpServer.Tests.Integration/McpServer.Tests.Integration.csproj" />
    <Project Path="tests/McpServer.Tests.Unit/McpServer.Tests.Unit.csproj" />
  </Folder>
</Solution>
